
Microsoft Visual Studio Solution File, Format Version 12.00
# Visual Studio 15
VisualStudioVersion = 15.0.26430.16
MinimumVisualStudioVersion = 10.0.40219.1
Project("{9A19103F-16F7-4668-BE54-9A1E7A4F7556}") = "SmartphoneStore", "SmartphoneStore\SmartphoneStore.csproj", "{5930F6A7-4754-48F7-A79F-04653A871875}"
EndProject
Project("{9A19103F-16F7-4668-BE54-9A1E7A4F7556}") = "SmartphoneStore.Tests", "SmartphoneStore.Tests\SmartphoneStore.Tests.csproj", "{979A6927-3A6B-4BB3-9846-2CF0AF5AB333}"
EndProject
Project("{9A19103F-16F7-4668-BE54-9A1E7A4F7556}") = "SmartphoneStore.DAL", "SmartphoneStore.DAL\SmartphoneStore.DAL.csproj", "{5317E218-61A4-4B92-B3C3-612CDA39C851}"
EndProject
Project("{9A19103F-16F7-4668-BE54-9A1E7A4F7556}") = "SmartphoneStore.BLL", "SmartphoneStore.BLL\SmartphoneStore.BLL.csproj", "{AB120C8F-3598-4696-A475-F9B265716A15}"
EndProject
Project("{FAE04EC0-301F-11D3-BF4B-00C04F79EFBC}") = "SmartphoneStoreMobile.Android", "SmartphoneStoreMobile\SmartphoneStoreMobile.Android\SmartphoneStoreMobile.Android.csproj", "{BB64253F-2694-4824-9539-EF3D7DB9494C}"
EndProject
Project("{FAE04EC0-301F-11D3-BF4B-00C04F79EFBC}") = "SmartphoneStoreMobile", "SmartphoneStoreMobile\SmartphoneStoreMobile\SmartphoneStoreMobile.csproj", "{8626260D-AD86-4C58-BADB-F39E1F04C51B}"
EndProject
Project("{FAE04EC0-301F-11D3-BF4B-00C04F79EFBC}") = "SmartphoneStoreMobile.iOS", "SmartphoneStoreMobile\SmartphoneStoreMobile.iOS\SmartphoneStoreMobile.iOS.csproj", "{4860B406-EE2C-4098-B7E8-4F4B7726A4CC}"
EndProject
Global
	GlobalSection(SolutionConfigurationPlatforms) = preSolution
		Ad-Hoc|Any CPU = Ad-Hoc|Any CPU
		Ad-Hoc|iPhone = Ad-Hoc|iPhone
		Ad-Hoc|iPhoneSimulator = Ad-Hoc|iPhoneSimulator
		AppStore|Any CPU = AppStore|Any CPU
		AppStore|iPhone = AppStore|iPhone
		AppStore|iPhoneSimulator = AppStore|iPhoneSimulator
		Debug|Any CPU = Debug|Any CPU
		Debug|iPhone = Debug|iPhone
		Debug|iPhoneSimulator = Debug|iPhoneSimulator
		Release|Any CPU = Release|Any CPU
		Release|iPhone = Release|iPhone
		Release|iPhoneSimulator = Release|iPhoneSimulator
	EndGlobalSection
	GlobalSection(ProjectConfigurationPlatforms) = postSolution
		{5930F6A7-4754-48F7-A79F-04653A871875}.Ad-Hoc|Any CPU.ActiveCfg = Release|Any CPU
		{5930F6A7-4754-48F7-A79F-04653A871875}.Ad-Hoc|Any CPU.Build.0 = Release|Any CPU
		{5930F6A7-4754-48F7-A79F-04653A871875}.Ad-Hoc|iPhone.ActiveCfg = Release|Any CPU
		{5930F6A7-4754-48F7-A79F-04653A871875}.Ad-Hoc|iPhone.Build.0 = Release|Any CPU
		{5930F6A7-4754-48F7-A79F-04653A871875}.Ad-Hoc|iPhoneSimulator.ActiveCfg = Release|Any CPU
		{5930F6A7-4754-48F7-A79F-04653A871875}.Ad-Hoc|iPhoneSimulator.Build.0 = Release|Any CPU
		{5930F6A7-4754-48F7-A79F-04653A871875}.AppStore|Any CPU.ActiveCfg = Release|Any CPU
		{5930F6A7-4754-48F7-A79F-04653A871875}.AppStore|Any CPU.Build.0 = Release|Any CPU
		{5930F6A7-4754-48F7-A79F-04653A871875}.AppStore|iPhone.ActiveCfg = Release|Any CPU
		{5930F6A7-4754-48F7-A79F-04653A871875}.AppStore|iPhone.Build.0 = Release|Any CPU
		{5930F6A7-4754-48F7-A79F-04653A871875}.AppStore|iPhoneSimulator.ActiveCfg = Release|Any CPU
		{5930F6A7-4754-48F7-A79F-04653A871875}.AppStore|iPhoneSimulator.Build.0 = Release|Any CPU
		{5930F6A7-4754-48F7-A79F-04653A871875}.Debug|Any CPU.ActiveCfg = Debug|Any CPU
		{5930F6A7-4754-48F7-A79F-04653A871875}.Debug|Any CPU.Build.0 = Debug|Any CPU
		{5930F6A7-4754-48F7-A79F-04653A871875}.Debug|iPhone.ActiveCfg = Debug|Any CPU
		{5930F6A7-4754-48F7-A79F-04653A871875}.Debug|iPhone.Build.0 = Debug|Any CPU
		{5930F6A7-4754-48F7-A79F-04653A871875}.Debug|iPhoneSimulator.ActiveCfg = Debug|Any CPU
		{5930F6A7-4754-48F7-A79F-04653A871875}.Debug|iPhoneSimulator.Build.0 = Debug|Any CPU
		{5930F6A7-4754-48F7-A79F-04653A871875}.Release|Any CPU.ActiveCfg = Release|Any CPU
		{5930F6A7-4754-48F7-A79F-04653A871875}.Release|Any CPU.Build.0 = Release|Any CPU
		{5930F6A7-4754-48F7-A79F-04653A871875}.Release|iPhone.ActiveCfg = Release|Any CPU
		{5930F6A7-4754-48F7-A79F-04653A871875}.Release|iPhone.Build.0 = Release|Any CPU
		{5930F6A7-4754-48F7-A79F-04653A871875}.Release|iPhoneSimulator.ActiveCfg = Release|Any CPU
		{5930F6A7-4754-48F7-A79F-04653A871875}.Release|iPhoneSimulator.Build.0 = Release|Any CPU
		{979A6927-3A6B-4BB3-9846-2CF0AF5AB333}.Ad-Hoc|Any CPU.ActiveCfg = Release|Any CPU
		{979A6927-3A6B-4BB3-9846-2CF0AF5AB333}.Ad-Hoc|Any CPU.Build.0 = Release|Any CPU
		{979A6927-3A6B-4BB3-9846-2CF0AF5AB333}.Ad-Hoc|iPhone.ActiveCfg = Release|Any CPU
		{979A6927-3A6B-4BB3-9846-2CF0AF5AB333}.Ad-Hoc|iPhone.Build.0 = Release|Any CPU
		{979A6927-3A6B-4BB3-9846-2CF0AF5AB333}.Ad-Hoc|iPhoneSimulator.ActiveCfg = Release|Any CPU
		{979A6927-3A6B-4BB3-9846-2CF0AF5AB333}.Ad-Hoc|iPhoneSimulator.Build.0 = Release|Any CPU
		{979A6927-3A6B-4BB3-9846-2CF0AF5AB333}.AppStore|Any CPU.ActiveCfg = Release|Any CPU
		{979A6927-3A6B-4BB3-9846-2CF0AF5AB333}.AppStore|Any CPU.Build.0 = Release|Any CPU
		{979A6927-3A6B-4BB3-9846-2CF0AF5AB333}.AppStore|iPhone.ActiveCfg = Release|Any CPU
		{979A6927-3A6B-4BB3-9846-2CF0AF5AB333}.AppStore|iPhone.Build.0 = Release|Any CPU
		{979A6927-3A6B-4BB3-9846-2CF0AF5AB333}.AppStore|iPhoneSimulator.ActiveCfg = Release|Any CPU
		{979A6927-3A6B-4BB3-9846-2CF0AF5AB333}.AppStore|iPhoneSimulator.Build.0 = Release|Any CPU
		{979A6927-3A6B-4BB3-9846-2CF0AF5AB333}.Debug|Any CPU.ActiveCfg = Debug|Any CPU
		{979A6927-3A6B-4BB3-9846-2CF0AF5AB333}.Debug|Any CPU.Build.0 = Debug|Any CPU
		{979A6927-3A6B-4BB3-9846-2CF0AF5AB333}.Debug|iPhone.ActiveCfg = Debug|Any CPU
		{979A6927-3A6B-4BB3-9846-2CF0AF5AB333}.Debug|iPhone.Build.0 = Debug|Any CPU
		{979A6927-3A6B-4BB3-9846-2CF0AF5AB333}.Debug|iPhoneSimulator.ActiveCfg = Debug|Any CPU
		{979A6927-3A6B-4BB3-9846-2CF0AF5AB333}.Debug|iPhoneSimulator.Build.0 = Debug|Any CPU
		{979A6927-3A6B-4BB3-9846-2CF0AF5AB333}.Release|Any CPU.ActiveCfg = Release|Any CPU
		{979A6927-3A6B-4BB3-9846-2CF0AF5AB333}.Release|Any CPU.Build.0 = Release|Any CPU
		{979A6927-3A6B-4BB3-9846-2CF0AF5AB333}.Release|iPhone.ActiveCfg = Release|Any CPU
		{979A6927-3A6B-4BB3-9846-2CF0AF5AB333}.Release|iPhone.Build.0 = Release|Any CPU
		{979A6927-3A6B-4BB3-9846-2CF0AF5AB333}.Release|iPhoneSimulator.ActiveCfg = Release|Any CPU
		{979A6927-3A6B-4BB3-9846-2CF0AF5AB333}.Release|iPhoneSimulator.Build.0 = Release|Any CPU
		{5317E218-61A4-4B92-B3C3-612CDA39C851}.Ad-Hoc|Any CPU.ActiveCfg = Release|Any CPU
		{5317E218-61A4-4B92-B3C3-612CDA39C851}.Ad-Hoc|Any CPU.Build.0 = Release|Any CPU
		{5317E218-61A4-4B92-B3C3-612CDA39C851}.Ad-Hoc|iPhone.ActiveCfg = Release|Any CPU
		{5317E218-61A4-4B92-B3C3-612CDA39C851}.Ad-Hoc|iPhone.Build.0 = Release|Any CPU
		{5317E218-61A4-4B92-B3C3-612CDA39C851}.Ad-Hoc|iPhoneSimulator.ActiveCfg = Release|Any CPU
		{5317E218-61A4-4B92-B3C3-612CDA39C851}.Ad-Hoc|iPhoneSimulator.Build.0 = Release|Any CPU
		{5317E218-61A4-4B92-B3C3-612CDA39C851}.AppStore|Any CPU.ActiveCfg = Release|Any CPU
		{5317E218-61A4-4B92-B3C3-612CDA39C851}.AppStore|Any CPU.Build.0 = Release|Any CPU
		{5317E218-61A4-4B92-B3C3-612CDA39C851}.AppStore|iPhone.ActiveCfg = Release|Any CPU
		{5317E218-61A4-4B92-B3C3-612CDA39C851}.AppStore|iPhone.Build.0 = Release|Any CPU
		{5317E218-61A4-4B92-B3C3-612CDA39C851}.AppStore|iPhoneSimulator.ActiveCfg = Release|Any CPU
		{5317E218-61A4-4B92-B3C3-612CDA39C851}.AppStore|iPhoneSimulator.Build.0 = Release|Any CPU
		{5317E218-61A4-4B92-B3C3-612CDA39C851}.Debug|Any CPU.ActiveCfg = Debug|Any CPU
		{5317E218-61A4-4B92-B3C3-612CDA39C851}.Debug|Any CPU.Build.0 = Debug|Any CPU
		{5317E218-61A4-4B92-B3C3-612CDA39C851}.Debug|iPhone.ActiveCfg = Debug|Any CPU
		{5317E218-61A4-4B92-B3C3-612CDA39C851}.Debug|iPhone.Build.0 = Debug|Any CPU
		{5317E218-61A4-4B92-B3C3-612CDA39C851}.Debug|iPhoneSimulator.ActiveCfg = Debug|Any CPU
		{5317E218-61A4-4B92-B3C3-612CDA39C851}.Debug|iPhoneSimulator.Build.0 = Debug|Any CPU
		{5317E218-61A4-4B92-B3C3-612CDA39C851}.Release|Any CPU.ActiveCfg = Release|Any CPU
		{5317E218-61A4-4B92-B3C3-612CDA39C851}.Release|Any CPU.Build.0 = Release|Any CPU
		{5317E218-61A4-4B92-B3C3-612CDA39C851}.Release|iPhone.ActiveCfg = Release|Any CPU
		{5317E218-61A4-4B92-B3C3-612CDA39C851}.Release|iPhone.Build.0 = Release|Any CPU
		{5317E218-61A4-4B92-B3C3-612CDA39C851}.Release|iPhoneSimulator.ActiveCfg = Release|Any CPU
		{5317E218-61A4-4B92-B3C3-612CDA39C851}.Release|iPhoneSimulator.Build.0 = Release|Any CPU
		{AB120C8F-3598-4696-A475-F9B265716A15}.Ad-Hoc|Any CPU.ActiveCfg = Release|Any CPU
		{AB120C8F-3598-4696-A475-F9B265716A15}.Ad-Hoc|Any CPU.Build.0 = Release|Any CPU
		{AB120C8F-3598-4696-A475-F9B265716A15}.Ad-Hoc|iPhone.ActiveCfg = Release|Any CPU
		{AB120C8F-3598-4696-A475-F9B265716A15}.Ad-Hoc|iPhone.Build.0 = Release|Any CPU
		{AB120C8F-3598-4696-A475-F9B265716A15}.Ad-Hoc|iPhoneSimulator.ActiveCfg = Release|Any CPU
		{AB120C8F-3598-4696-A475-F9B265716A15}.Ad-Hoc|iPhoneSimulator.Build.0 = Release|Any CPU
		{AB120C8F-3598-4696-A475-F9B265716A15}.AppStore|Any CPU.ActiveCfg = Release|Any CPU
		{AB120C8F-3598-4696-A475-F9B265716A15}.AppStore|Any CPU.Build.0 = Release|Any CPU
		{AB120C8F-3598-4696-A475-F9B265716A15}.AppStore|iPhone.ActiveCfg = Release|Any CPU
		{AB120C8F-3598-4696-A475-F9B265716A15}.AppStore|iPhone.Build.0 = Release|Any CPU
		{AB120C8F-3598-4696-A475-F9B265716A15}.AppStore|iPhoneSimulator.ActiveCfg = Release|Any CPU
		{AB120C8F-3598-4696-A475-F9B265716A15}.AppStore|iPhoneSimulator.Build.0 = Release|Any CPU
		{AB120C8F-3598-4696-A475-F9B265716A15}.Debug|Any CPU.ActiveCfg = Debug|Any CPU
		{AB120C8F-3598-4696-A475-F9B265716A15}.Debug|Any CPU.Build.0 = Debug|Any CPU
		{AB120C8F-3598-4696-A475-F9B265716A15}.Debug|iPhone.ActiveCfg = Debug|Any CPU
		{AB120C8F-3598-4696-A475-F9B265716A15}.Debug|iPhone.Build.0 = Debug|Any CPU
		{AB120C8F-3598-4696-A475-F9B265716A15}.Debug|iPhoneSimulator.ActiveCfg = Debug|Any CPU
		{AB120C8F-3598-4696-A475-F9B265716A15}.Debug|iPhoneSimulator.Build.0 = Debug|Any CPU
		{AB120C8F-3598-4696-A475-F9B265716A15}.Release|Any CPU.ActiveCfg = Release|Any CPU
		{AB120C8F-3598-4696-A475-F9B265716A15}.Release|Any CPU.Build.0 = Release|Any CPU
		{AB120C8F-3598-4696-A475-F9B265716A15}.Release|iPhone.ActiveCfg = Release|Any CPU
		{AB120C8F-3598-4696-A475-F9B265716A15}.Release|iPhone.Build.0 = Release|Any CPU
		{AB120C8F-3598-4696-A475-F9B265716A15}.Release|iPhoneSimulator.ActiveCfg = Release|Any CPU
		{AB120C8F-3598-4696-A475-F9B265716A15}.Release|iPhoneSimulator.Build.0 = Release|Any CPU
		{BB64253F-2694-4824-9539-EF3D7DB9494C}.Ad-Hoc|Any CPU.ActiveCfg = Release|Any CPU
		{BB64253F-2694-4824-9539-EF3D7DB9494C}.Ad-Hoc|Any CPU.Build.0 = Release|Any CPU
		{BB64253F-2694-4824-9539-EF3D7DB9494C}.Ad-Hoc|Any CPU.Deploy.0 = Release|Any CPU
		{BB64253F-2694-4824-9539-EF3D7DB9494C}.Ad-Hoc|iPhone.ActiveCfg = Release|Any CPU
		{BB64253F-2694-4824-9539-EF3D7DB9494C}.Ad-Hoc|iPhone.Build.0 = Release|Any CPU
		{BB64253F-2694-4824-9539-EF3D7DB9494C}.Ad-Hoc|iPhone.Deploy.0 = Release|Any CPU
		{BB64253F-2694-4824-9539-EF3D7DB9494C}.Ad-Hoc|iPhoneSimulator.ActiveCfg = Release|Any CPU
		{BB64253F-2694-4824-9539-EF3D7DB9494C}.Ad-Hoc|iPhoneSimulator.Build.0 = Release|Any CPU
		{BB64253F-2694-4824-9539-EF3D7DB9494C}.Ad-Hoc|iPhoneSimulator.Deploy.0 = Release|Any CPU
		{BB64253F-2694-4824-9539-EF3D7DB9494C}.AppStore|Any CPU.ActiveCfg = Release|Any CPU
		{BB64253F-2694-4824-9539-EF3D7DB9494C}.AppStore|Any CPU.Build.0 = Release|Any CPU
		{BB64253F-2694-4824-9539-EF3D7DB9494C}.AppStore|Any CPU.Deploy.0 = Release|Any CPU
		{BB64253F-2694-4824-9539-EF3D7DB9494C}.AppStore|iPhone.ActiveCfg = Release|Any CPU
		{BB64253F-2694-4824-9539-EF3D7DB9494C}.AppStore|iPhone.Build.0 = Release|Any CPU
		{BB64253F-2694-4824-9539-EF3D7DB9494C}.AppStore|iPhone.Deploy.0 = Release|Any CPU
		{BB64253F-2694-4824-9539-EF3D7DB9494C}.AppStore|iPhoneSimulator.ActiveCfg = Release|Any CPU
		{BB64253F-2694-4824-9539-EF3D7DB9494C}.AppStore|iPhoneSimulator.Build.0 = Release|Any CPU
		{BB64253F-2694-4824-9539-EF3D7DB9494C}.AppStore|iPhoneSimulator.Deploy.0 = Release|Any CPU
		{BB64253F-2694-4824-9539-EF3D7DB9494C}.Debug|Any CPU.ActiveCfg = Debug|Any CPU
		{BB64253F-2694-4824-9539-EF3D7DB9494C}.Debug|Any CPU.Build.0 = Debug|Any CPU
		{BB64253F-2694-4824-9539-EF3D7DB9494C}.Debug|Any CPU.Deploy.0 = Debug|Any CPU
		{BB64253F-2694-4824-9539-EF3D7DB9494C}.Debug|iPhone.ActiveCfg = Debug|Any CPU
		{BB64253F-2694-4824-9539-EF3D7DB9494C}.Debug|iPhone.Build.0 = Debug|Any CPU
		{BB64253F-2694-4824-9539-EF3D7DB9494C}.Debug|iPhone.Deploy.0 = Debug|Any CPU
		{BB64253F-2694-4824-9539-EF3D7DB9494C}.Debug|iPhoneSimulator.ActiveCfg = Debug|Any CPU
		{BB64253F-2694-4824-9539-EF3D7DB9494C}.Debug|iPhoneSimulator.Build.0 = Debug|Any CPU
		{BB64253F-2694-4824-9539-EF3D7DB9494C}.Debug|iPhoneSimulator.Deploy.0 = Debug|Any CPU
		{BB64253F-2694-4824-9539-EF3D7DB9494C}.Release|Any CPU.ActiveCfg = Release|Any CPU
		{BB64253F-2694-4824-9539-EF3D7DB9494C}.Release|Any CPU.Build.0 = Release|Any CPU
		{BB64253F-2694-4824-9539-EF3D7DB9494C}.Release|Any CPU.Deploy.0 = Release|Any CPU
		{BB64253F-2694-4824-9539-EF3D7DB9494C}.Release|iPhone.ActiveCfg = Release|Any CPU
		{BB64253F-2694-4824-9539-EF3D7DB9494C}.Release|iPhone.Build.0 = Release|Any CPU
		{BB64253F-2694-4824-9539-EF3D7DB9494C}.Release|iPhone.Deploy.0 = Release|Any CPU
		{BB64253F-2694-4824-9539-EF3D7DB9494C}.Release|iPhoneSimulator.ActiveCfg = Release|Any CPU
		{BB64253F-2694-4824-9539-EF3D7DB9494C}.Release|iPhoneSimulator.Build.0 = Release|Any CPU
		{BB64253F-2694-4824-9539-EF3D7DB9494C}.Release|iPhoneSimulator.Deploy.0 = Release|Any CPU
		{8626260D-AD86-4C58-BADB-F39E1F04C51B}.Ad-Hoc|Any CPU.ActiveCfg = Release|Any CPU
		{8626260D-AD86-4C58-BADB-F39E1F04C51B}.Ad-Hoc|Any CPU.Build.0 = Release|Any CPU
		{8626260D-AD86-4C58-BADB-F39E1F04C51B}.Ad-Hoc|iPhone.ActiveCfg = Release|Any CPU
		{8626260D-AD86-4C58-BADB-F39E1F04C51B}.Ad-Hoc|iPhone.Build.0 = Release|Any CPU
		{8626260D-AD86-4C58-BADB-F39E1F04C51B}.Ad-Hoc|iPhoneSimulator.ActiveCfg = Release|Any CPU
		{8626260D-AD86-4C58-BADB-F39E1F04C51B}.Ad-Hoc|iPhoneSimulator.Build.0 = Release|Any CPU
		{8626260D-AD86-4C58-BADB-F39E1F04C51B}.AppStore|Any CPU.ActiveCfg = Release|Any CPU
		{8626260D-AD86-4C58-BADB-F39E1F04C51B}.AppStore|Any CPU.Build.0 = Release|Any CPU
		{8626260D-AD86-4C58-BADB-F39E1F04C51B}.AppStore|iPhone.ActiveCfg = Release|Any CPU
		{8626260D-AD86-4C58-BADB-F39E1F04C51B}.AppStore|iPhone.Build.0 = Release|Any CPU
		{8626260D-AD86-4C58-BADB-F39E1F04C51B}.AppStore|iPhoneSimulator.ActiveCfg = Release|Any CPU
		{8626260D-AD86-4C58-BADB-F39E1F04C51B}.AppStore|iPhoneSimulator.Build.0 = Release|Any CPU
		{8626260D-AD86-4C58-BADB-F39E1F04C51B}.Debug|Any CPU.ActiveCfg = Debug|Any CPU
		{8626260D-AD86-4C58-BADB-F39E1F04C51B}.Debug|Any CPU.Build.0 = Debug|Any CPU
		{8626260D-AD86-4C58-BADB-F39E1F04C51B}.Debug|iPhone.ActiveCfg = Debug|Any CPU
		{8626260D-AD86-4C58-BADB-F39E1F04C51B}.Debug|iPhone.Build.0 = Debug|Any CPU
		{8626260D-AD86-4C58-BADB-F39E1F04C51B}.Debug|iPhoneSimulator.ActiveCfg = Debug|Any CPU
		{8626260D-AD86-4C58-BADB-F39E1F04C51B}.Debug|iPhoneSimulator.Build.0 = Debug|Any CPU
		{8626260D-AD86-4C58-BADB-F39E1F04C51B}.Release|Any CPU.ActiveCfg = Release|Any CPU
		{8626260D-AD86-4C58-BADB-F39E1F04C51B}.Release|Any CPU.Build.0 = Release|Any CPU
		{8626260D-AD86-4C58-BADB-F39E1F04C51B}.Release|iPhone.ActiveCfg = Release|Any CPU
		{8626260D-AD86-4C58-BADB-F39E1F04C51B}.Release|iPhone.Build.0 = Release|Any CPU
		{8626260D-AD86-4C58-BADB-F39E1F04C51B}.Release|iPhoneSimulator.ActiveCfg = Release|Any CPU
		{8626260D-AD86-4C58-BADB-F39E1F04C51B}.Release|iPhoneSimulator.Build.0 = Release|Any CPU
		{4860B406-EE2C-4098-B7E8-4F4B7726A4CC}.Ad-Hoc|Any CPU.ActiveCfg = Ad-Hoc|iPhone
		{4860B406-EE2C-4098-B7E8-4F4B7726A4CC}.Ad-Hoc|iPhone.ActiveCfg = Ad-Hoc|iPhone
		{4860B406-EE2C-4098-B7E8-4F4B7726A4CC}.Ad-Hoc|iPhone.Build.0 = Ad-Hoc|iPhone
		{4860B406-EE2C-4098-B7E8-4F4B7726A4CC}.Ad-Hoc|iPhoneSimulator.ActiveCfg = Ad-Hoc|iPhoneSimulator
		{4860B406-EE2C-4098-B7E8-4F4B7726A4CC}.Ad-Hoc|iPhoneSimulator.Build.0 = Ad-Hoc|iPhoneSimulator
		{4860B406-EE2C-4098-B7E8-4F4B7726A4CC}.AppStore|Any CPU.ActiveCfg = AppStore|iPhone
		{4860B406-EE2C-4098-B7E8-4F4B7726A4CC}.AppStore|iPhone.ActiveCfg = AppStore|iPhone
		{4860B406-EE2C-4098-B7E8-4F4B7726A4CC}.AppStore|iPhone.Build.0 = AppStore|iPhone
		{4860B406-EE2C-4098-B7E8-4F4B7726A4CC}.AppStore|iPhoneSimulator.ActiveCfg = AppStore|iPhoneSimulator
		{4860B406-EE2C-4098-B7E8-4F4B7726A4CC}.AppStore|iPhoneSimulator.Build.0 = AppStore|iPhoneSimulator
		{4860B406-EE2C-4098-B7E8-4F4B7726A4CC}.Debug|Any CPU.ActiveCfg = Debug|iPhone
		{4860B406-EE2C-4098-B7E8-4F4B7726A4CC}.Debug|iPhone.ActiveCfg = Debug|iPhone
		{4860B406-EE2C-4098-B7E8-4F4B7726A4CC}.Debug|iPhone.Build.0 = Debug|iPhone
		{4860B406-EE2C-4098-B7E8-4F4B7726A4CC}.Debug|iPhoneSimulator.ActiveCfg = Debug|iPhoneSimulator
		{4860B406-EE2C-4098-B7E8-4F4B7726A4CC}.Debug|iPhoneSimulator.Build.0 = Debug|iPhoneSimulator
		{4860B406-EE2C-4098-B7E8-4F4B7726A4CC}.Release|Any CPU.ActiveCfg = Release|iPhone
		{4860B406-EE2C-4098-B7E8-4F4B7726A4CC}.Release|iPhone.ActiveCfg = Release|iPhone
		{4860B406-EE2C-4098-B7E8-4F4B7726A4CC}.Release|iPhone.Build.0 = Release|iPhone
		{4860B406-EE2C-4098-B7E8-4F4B7726A4CC}.Release|iPhoneSimulator.ActiveCfg = Release|iPhoneSimulator
		{4860B406-EE2C-4098-B7E8-4F4B7726A4CC}.Release|iPhoneSimulator.Build.0 = Release|iPhoneSimulator
	EndGlobalSection
	GlobalSection(SolutionProperties) = preSolution
		HideSolutionNode = FALSE
	EndGlobalSection
EndGlobal
